Microsoft Visual Studio Solution File, Format Version 12.00
# Visual Studio Version 17
VisualStudioVersion = 17.5.2.0
MinimumVisualStudioVersion = 10.0.40219.1
Project("{FAE04EC0-301F-11D3-BF4B-00C04F79EFBC}") = "DalilKalba", "BackEnd\DalilKalba.csproj", "{35882F62-D6D9-2002-0129-7F8DFC138B1A}"
EndProject
Global
	GlobalSection(SolutionConfigurationPlatforms) = preSolution
		Debug|Any CPU = Debug|Any CPU
		Release|Any CPU = Release|Any CPU
	EndGlobalSection
	GlobalSection(ProjectConfigurationPlatforms) = postSolution
		{35882F62-D6D9-2002-0129-7F8DFC138B1A}.Debug|Any CPU.ActiveCfg = Debug|Any CPU
		{35882F62-D6D9-2002-0129-7F8DFC138B1A}.Debug|Any CPU.Build.0 = Debug|Any CPU
		{35882F62-D6D9-2002-0129-7F8DFC138B1A}.Release|Any CPU.ActiveCfg = Release|Any CPU
		{35882F62-D6D9-2002-0129-7F8DFC138B1A}.Release|Any CPU.Build.0 = Release|Any CPU
	EndGlobalSection
	GlobalSection(SolutionProperties) = preSolution
		HideSolutionNode = FALSE
	EndGlobalSection
	GlobalSection(ExtensibilityGlobals) = postSolution
		SolutionGuid = {7B3669B2-1B40-429A-8C9E-1404D39A72B3}
	EndGlobalSection
EndGlobal
